
Microsoft Visual Studio Solution File, Format Version 12.00
# Visual Studio Version 17
VisualStudioVersion = 17.14.36705.20 d17.14
MinimumVisualStudioVersion = 10.0.40219.1
Project("{FAE04EC0-301F-11D3-BF4B-00C04F79EFBC}") = "test", "test\test.csproj", "{9128E420-59BD-4EA0-B5D1-B2084860E3EF}"
EndProject
Global
	GlobalSection(SolutionConfigurationPlatforms) = preSolution
		Debug|Any CPU = Debug|Any CPU
		Release|Any CPU = Release|Any CPU
	EndGlobalSection
	GlobalSection(ProjectConfigurationPlatforms) = postSolution
		{9128E420-59BD-4EA0-B5D1-B2084860E3EF}.Debug|Any CPU.ActiveCfg = Debug|Any CPU
		{9128E420-59BD-4EA0-B5D1-B2084860E3EF}.Debug|Any CPU.Build.0 = Debug|Any CPU
		{9128E420-59BD-4EA0-B5D1-B2084860E3EF}.Release|Any CPU.ActiveCfg = Release|Any CPU
		{9128E420-59BD-4EA0-B5D1-B2084860E3EF}.Release|Any CPU.Build.0 = Release|Any CPU
	EndGlobalSection
	GlobalSection(SolutionProperties) = preSolution
		HideSolutionNode = FALSE
	EndGlobalSection
	GlobalSection(ExtensibilityGlobals) = postSolution
		SolutionGuid = {F6B7C572-C32C-4FB6-AA8D-138BD161B00A}
	EndGlobalSection
EndGlobal
