Microsoft Visual Studio Solution File, Format Version 12.00
# Visual Studio Version 17
VisualStudioVersion = 17.5.2.0
MinimumVisualStudioVersion = 10.0.40219.1
Project("{FAE04EC0-301F-11D3-BF4B-00C04F79EFBC}") = "Uchat.Database", "Database\Uchat.Database.csproj", "{AB7BAB80-B8D6-207E-B58C-52AF78778B1F}"
EndProject
Project("{FAE04EC0-301F-11D3-BF4B-00C04F79EFBC}") = "Uchat.Database.Tests", "tests\Uchat.Database.Tests\Uchat.Database.Tests.csproj", "{B0F5C904-6AAF-4A0B-A1A5-5B8E5BFF7F25}"
EndProject
Global
	GlobalSection(SolutionConfigurationPlatforms) = preSolution
		Debug|Any CPU = Debug|Any CPU
		Release|Any CPU = Release|Any CPU
	EndGlobalSection
	GlobalSection(ProjectConfigurationPlatforms) = postSolution
		{AB7BAB80-B8D6-207E-B58C-52AF78778B1F}.Debug|Any CPU.ActiveCfg = Debug|Any CPU
		{AB7BAB80-B8D6-207E-B58C-52AF78778B1F}.Debug|Any CPU.Build.0 = Debug|Any CPU
		{AB7BAB80-B8D6-207E-B58C-52AF78778B1F}.Release|Any CPU.ActiveCfg = Release|Any CPU
		{AB7BAB80-B8D6-207E-B58C-52AF78778B1F}.Release|Any CPU.Build.0 = Release|Any CPU
		{B0F5C904-6AAF-4A0B-A1A5-5B8E5BFF7F25}.Debug|Any CPU.ActiveCfg = Debug|Any CPU
		{B0F5C904-6AAF-4A0B-A1A5-5B8E5BFF7F25}.Debug|Any CPU.Build.0 = Debug|Any CPU
		{B0F5C904-6AAF-4A0B-A1A5-5B8E5BFF7F25}.Release|Any CPU.ActiveCfg = Release|Any CPU
		{B0F5C904-6AAF-4A0B-A1A5-5B8E5BFF7F25}.Release|Any CPU.Build.0 = Release|Any CPU
	EndGlobalSection
	GlobalSection(SolutionProperties) = preSolution
		HideSolutionNode = FALSE
	EndGlobalSection
	GlobalSection(ExtensibilityGlobals) = postSolution
		SolutionGuid = {E76D030F-94CD-4937-B9AD-22EC5FBEAAE6}
	EndGlobalSection
EndGlobal
