
Microsoft Visual Studio Solution File, Format Version 12.00
# Visual Studio Version 18
VisualStudioVersion = 18.0.11222.15
MinimumVisualStudioVersion = 10.0.40219.1
Project("{FAE04EC0-301F-11D3-BF4B-00C04F79EFBC}") = "Uchat", "Uchat\Uchat.csproj", "{CA710BF8-9391-44A9-94CF-D8F8D1744395}"
EndProject
Project("{FAE04EC0-301F-11D3-BF4B-00C04F79EFBC}") = "Database", "Database\Database.csproj", "{AB7BAB80-B8D6-207E-B58C-52AF78778B1F}"
EndProject
Project("{FAE04EC0-301F-11D3-BF4B-00C04F79EFBC}") = "Uchat.Server", "Uchat.Server\Uchat.Server.csproj", "{6368D9C5-2426-4A8A-BD78-09D8C4E68E26}"
EndProject
Global
	GlobalSection(SolutionConfigurationPlatforms) = preSolution
		Debug|Any CPU = Debug|Any CPU
		Debug|x64 = Debug|x64
		Debug|x86 = Debug|x86
		Release|Any CPU = Release|Any CPU
		Release|x64 = Release|x64
		Release|x86 = Release|x86
	EndGlobalSection
	GlobalSection(ProjectConfigurationPlatforms) = postSolution
		{CA710BF8-9391-44A9-94CF-D8F8D1744395}.Debug|Any CPU.ActiveCfg = Debug|Any CPU
		{CA710BF8-9391-44A9-94CF-D8F8D1744395}.Debug|Any CPU.Build.0 = Debug|Any CPU
		{CA710BF8-9391-44A9-94CF-D8F8D1744395}.Debug|x64.ActiveCfg = Debug|Any CPU
		{CA710BF8-9391-44A9-94CF-D8F8D1744395}.Debug|x64.Build.0 = Debug|Any CPU
		{CA710BF8-9391-44A9-94CF-D8F8D1744395}.Debug|x86.ActiveCfg = Debug|Any CPU
		{CA710BF8-9391-44A9-94CF-D8F8D1744395}.Debug|x86.Build.0 = Debug|Any CPU
		{CA710BF8-9391-44A9-94CF-D8F8D1744395}.Release|Any CPU.ActiveCfg = Release|Any CPU
		{CA710BF8-9391-44A9-94CF-D8F8D1744395}.Release|Any CPU.Build.0 = Release|Any CPU
		{CA710BF8-9391-44A9-94CF-D8F8D1744395}.Release|x64.ActiveCfg = Release|Any CPU
		{CA710BF8-9391-44A9-94CF-D8F8D1744395}.Release|x64.Build.0 = Release|Any CPU
		{CA710BF8-9391-44A9-94CF-D8F8D1744395}.Release|x86.ActiveCfg = Release|Any CPU
		{CA710BF8-9391-44A9-94CF-D8F8D1744395}.Release|x86.Build.0 = Release|Any CPU
		{AB7BAB80-B8D6-207E-B58C-52AF78778B1F}.Debug|Any CPU.ActiveCfg = Debug|Any CPU
		{AB7BAB80-B8D6-207E-B58C-52AF78778B1F}.Debug|Any CPU.Build.0 = Debug|Any CPU
		{AB7BAB80-B8D6-207E-B58C-52AF78778B1F}.Debug|x64.ActiveCfg = Debug|Any CPU
		{AB7BAB80-B8D6-207E-B58C-52AF78778B1F}.Debug|x64.Build.0 = Debug|Any CPU
		{AB7BAB80-B8D6-207E-B58C-52AF78778B1F}.Debug|x86.ActiveCfg = Debug|Any CPU
		{AB7BAB80-B8D6-207E-B58C-52AF78778B1F}.Debug|x86.Build.0 = Debug|Any CPU
		{AB7BAB80-B8D6-207E-B58C-52AF78778B1F}.Release|Any CPU.ActiveCfg = Release|Any CPU
		{AB7BAB80-B8D6-207E-B58C-52AF78778B1F}.Release|Any CPU.Build.0 = Release|Any CPU
		{AB7BAB80-B8D6-207E-B58C-52AF78778B1F}.Release|x64.ActiveCfg = Release|Any CPU
		{AB7BAB80-B8D6-207E-B58C-52AF78778B1F}.Release|x64.Build.0 = Release|Any CPU
		{AB7BAB80-B8D6-207E-B58C-52AF78778B1F}.Release|x86.ActiveCfg = Release|Any CPU
		{AB7BAB80-B8D6-207E-B58C-52AF78778B1F}.Release|x86.Build.0 = Release|Any CPU
		{6368D9C5-2426-4A8A-BD78-09D8C4E68E26}.Debug|Any CPU.ActiveCfg = Debug|Any CPU
		{6368D9C5-2426-4A8A-BD78-09D8C4E68E26}.Debug|Any CPU.Build.0 = Debug|Any CPU
		{6368D9C5-2426-4A8A-BD78-09D8C4E68E26}.Debug|x64.ActiveCfg = Debug|Any CPU
		{6368D9C5-2426-4A8A-BD78-09D8C4E68E26}.Debug|x64.Build.0 = Debug|Any CPU
		{6368D9C5-2426-4A8A-BD78-09D8C4E68E26}.Debug|x86.ActiveCfg = Debug|Any CPU
		{6368D9C5-2426-4A8A-BD78-09D8C4E68E26}.Debug|x86.Build.0 = Debug|Any CPU
		{6368D9C5-2426-4A8A-BD78-09D8C4E68E26}.Release|Any CPU.ActiveCfg = Release|Any CPU
		{6368D9C5-2426-4A8A-BD78-09D8C4E68E26}.Release|Any CPU.Build.0 = Release|Any CPU
		{6368D9C5-2426-4A8A-BD78-09D8C4E68E26}.Release|x64.ActiveCfg = Release|Any CPU
		{6368D9C5-2426-4A8A-BD78-09D8C4E68E26}.Release|x64.Build.0 = Release|Any CPU
		{6368D9C5-2426-4A8A-BD78-09D8C4E68E26}.Release|x86.ActiveCfg = Release|Any CPU
		{6368D9C5-2426-4A8A-BD78-09D8C4E68E26}.Release|x86.Build.0 = Release|Any CPU
	EndGlobalSection
	GlobalSection(SolutionProperties) = preSolution
		HideSolutionNode = FALSE
	EndGlobalSection
	GlobalSection(ExtensibilityGlobals) = postSolution
		SolutionGuid = {A6039161-83F9-4965-B155-411C80439704}
	EndGlobalSection
EndGlobal
